
Microsoft Visual Studio Solution File, Format Version 12.00
# Visual Studio 15
VisualStudioVersion = 15.0.26430.4
MinimumVisualStudioVersion = 10.0.40219.1
Project("{FAE04EC0-301F-11D3-BF4B-00C04F79EFBC}") = "kino.LeaseProvider.Messages", "kino.LeaseProvider.Messages\kino.LeaseProvider.Messages.csproj", "{319B68BA-CF46-4512-96FC-4F57C4AEF7B8}"
EndProject
Project("{FAE04EC0-301F-11D3-BF4B-00C04F79EFBC}") = "kino.LeaseProvider", "kino.LeaseProvider\kino.LeaseProvider.csproj", "{42CFB5F3-33BD-411C-9BE9-D3F0FC6666B2}"
EndProject
Project("{FAE04EC0-301F-11D3-BF4B-00C04F79EFBC}") = "kino.LeaseProvider.Client", "kino.LeaseProvider.Client\kino.LeaseProvider.Client.csproj", "{EF4D4C05-1C2C-469A-8A76-DA2BE40C9E53}"
EndProject
Project("{FAE04EC0-301F-11D3-BF4B-00C04F79EFBC}") = "kino.LeaseProvider.Service", "kino.LeaseProvider.Service\kino.LeaseProvider.Service.csproj", "{7FE75B6E-B38E-4178-AF88-8E16E41A88C5}"
EndProject
Project("{2150E333-8FDC-42A3-9474-1A3956D46DE8}") = "Integration", "Integration", "{DA01C4FD-3BED-4525-8E72-58E7A4C14FA3}"
EndProject
Project("{FAE04EC0-301F-11D3-BF4B-00C04F79EFBC}") = "Autofac.kino.LeaseProvider", "Integration\Autofac.kino.LeaseProvider\Autofac.kino.LeaseProvider.csproj", "{E838F054-F4C5-4817-9B9F-104C9E74024F}"
EndProject
Global
	GlobalSection(SolutionConfigurationPlatforms) = preSolution
		Debug|Any CPU = Debug|Any CPU
		Release|Any CPU = Release|Any CPU
	EndGlobalSection
	GlobalSection(ProjectConfigurationPlatforms) = postSolution
		{319B68BA-CF46-4512-96FC-4F57C4AEF7B8}.Debug|Any CPU.ActiveCfg = Debug|Any CPU
		{319B68BA-CF46-4512-96FC-4F57C4AEF7B8}.Debug|Any CPU.Build.0 = Debug|Any CPU
		{319B68BA-CF46-4512-96FC-4F57C4AEF7B8}.Release|Any CPU.ActiveCfg = Release|Any CPU
		{319B68BA-CF46-4512-96FC-4F57C4AEF7B8}.Release|Any CPU.Build.0 = Release|Any CPU
		{42CFB5F3-33BD-411C-9BE9-D3F0FC6666B2}.Debug|Any CPU.ActiveCfg = Debug|Any CPU
		{42CFB5F3-33BD-411C-9BE9-D3F0FC6666B2}.Debug|Any CPU.Build.0 = Debug|Any CPU
		{42CFB5F3-33BD-411C-9BE9-D3F0FC6666B2}.Release|Any CPU.ActiveCfg = Release|Any CPU
		{42CFB5F3-33BD-411C-9BE9-D3F0FC6666B2}.Release|Any CPU.Build.0 = Release|Any CPU
		{EF4D4C05-1C2C-469A-8A76-DA2BE40C9E53}.Debug|Any CPU.ActiveCfg = Debug|Any CPU
		{EF4D4C05-1C2C-469A-8A76-DA2BE40C9E53}.Debug|Any CPU.Build.0 = Debug|Any CPU
		{EF4D4C05-1C2C-469A-8A76-DA2BE40C9E53}.Release|Any CPU.ActiveCfg = Release|Any CPU
		{EF4D4C05-1C2C-469A-8A76-DA2BE40C9E53}.Release|Any CPU.Build.0 = Release|Any CPU
		{7FE75B6E-B38E-4178-AF88-8E16E41A88C5}.Debug|Any CPU.ActiveCfg = Debug|Any CPU
		{7FE75B6E-B38E-4178-AF88-8E16E41A88C5}.Debug|Any CPU.Build.0 = Debug|Any CPU
		{7FE75B6E-B38E-4178-AF88-8E16E41A88C5}.Release|Any CPU.ActiveCfg = Release|Any CPU
		{7FE75B6E-B38E-4178-AF88-8E16E41A88C5}.Release|Any CPU.Build.0 = Release|Any CPU
		{E838F054-F4C5-4817-9B9F-104C9E74024F}.Debug|Any CPU.ActiveCfg = Debug|Any CPU
		{E838F054-F4C5-4817-9B9F-104C9E74024F}.Debug|Any CPU.Build.0 = Debug|Any CPU
		{E838F054-F4C5-4817-9B9F-104C9E74024F}.Release|Any CPU.ActiveCfg = Release|Any CPU
		{E838F054-F4C5-4817-9B9F-104C9E74024F}.Release|Any CPU.Build.0 = Release|Any CPU
	EndGlobalSection
	GlobalSection(SolutionProperties) = preSolution
		HideSolutionNode = FALSE
	EndGlobalSection
	GlobalSection(NestedProjects) = preSolution
		{E838F054-F4C5-4817-9B9F-104C9E74024F} = {DA01C4FD-3BED-4525-8E72-58E7A4C14FA3}
	EndGlobalSection
EndGlobal
